<Solution>
  <Folder Name="/src/">
    <Project Path="src/Rollforward.Cli/Rollforward.Cli.csproj" />
    <Project Path="src/Rollforward.Core/Rollforward.Core.csproj" />
    <Project Path="src/Rollforward.Providers.DotNet/Rollforward.Providers.DotNet.csproj" />
  </Folder>
  <Folder Name="/tests/">
    <Project Path="tests/Rollforward.Core.Tests/Rollforward.Core.Tests.csproj" />
    <Project Path="tests/Rollforward.Fixtures.Tests/Rollforward.Fixtures.Tests.csproj" />
    <Project Path="tests/Rollforward.Providers.DotNet.Tests/Rollforward.Providers.DotNet.Tests.csproj" />
  </Folder>
</Solution>
